
Microsoft Visual Studio Solution File, Format Version 12.00
# Visual Studio 15
VisualStudioVersion = 15.0.28307.645
MinimumVisualStudioVersion = 10.0.40219.1
Project("{FAE04EC0-301F-11D3-BF4B-00C04F79EFBC}") = "text1", "text1\text1.csproj", "{465D2B90-FDF2-48B3-AC39-FCE486F77EF0}"
EndProject
Global
	GlobalSection(SolutionConfigurationPlatforms) = preSolution
		Debug|Any CPU = Debug|Any CPU
		Release|Any CPU = Release|Any CPU
	EndGlobalSection
	GlobalSection(ProjectConfigurationPlatforms) = postSolution
		{465D2B90-FDF2-48B3-AC39-FCE486F77EF0}.Debug|Any CPU.ActiveCfg = Debug|Any CPU
		{465D2B90-FDF2-48B3-AC39-FCE486F77EF0}.Debug|Any CPU.Build.0 = Debug|Any CPU
		{465D2B90-FDF2-48B3-AC39-FCE486F77EF0}.Release|Any CPU.ActiveCfg = Release|Any CPU
		{465D2B90-FDF2-48B3-AC39-FCE486F77EF0}.Release|Any CPU.Build.0 = Release|Any CPU
	EndGlobalSection
	GlobalSection(SolutionProperties) = preSolution
		HideSolutionNode = FALSE
	EndGlobalSection
	GlobalSection(ExtensibilityGlobals) = postSolution
		SolutionGuid = {37FF6554-CBAE-4CE8-BAD4-C5742A9C5032}
	EndGlobalSection
EndGlobal
